
Microsoft Visual Studio Solution File, Format Version 12.00
# Visual Studio Version 17
VisualStudioVersion = 17.13.35931.197 d17.13
MinimumVisualStudioVersion = 10.0.40219.1
Project("{8BC9CEB8-8B4A-11D0-8D11-00A0C91BC942}") = "ComputerGraphics_BZCurve_CCGXNL", "ComputerGraphics_BZCurve_CCGXNL.vcxproj", "{FF97B006-CB6F-4B5D-8E0B-4CD796BE1C63}"
EndProject
Global
	GlobalSection(SolutionConfigurationPlatforms) = preSolution
		Debug|x64 = Debug|x64
		Debug|x86 = Debug|x86
		Release|x64 = Release|x64
		Release|x86 = Release|x86
	EndGlobalSection
	GlobalSection(ProjectConfigurationPlatforms) = postSolution
		{FF97B006-CB6F-4B5D-8E0B-4CD796BE1C63}.Debug|x64.ActiveCfg = Debug|x64
		{FF97B006-CB6F-4B5D-8E0B-4CD796BE1C63}.Debug|x64.Build.0 = Debug|x64
		{FF97B006-CB6F-4B5D-8E0B-4CD796BE1C63}.Debug|x86.ActiveCfg = Debug|Win32
		{FF97B006-CB6F-4B5D-8E0B-4CD796BE1C63}.Debug|x86.Build.0 = Debug|Win32
		{FF97B006-CB6F-4B5D-8E0B-4CD796BE1C63}.Release|x64.ActiveCfg = Release|x64
		{FF97B006-CB6F-4B5D-8E0B-4CD796BE1C63}.Release|x64.Build.0 = Release|x64
		{FF97B006-CB6F-4B5D-8E0B-4CD796BE1C63}.Release|x86.ActiveCfg = Release|Win32
		{FF97B006-CB6F-4B5D-8E0B-4CD796BE1C63}.Release|x86.Build.0 = Release|Win32
	EndGlobalSection
	GlobalSection(SolutionProperties) = preSolution
		HideSolutionNode = FALSE
	EndGlobalSection
	GlobalSection(ExtensibilityGlobals) = postSolution
		SolutionGuid = {7897565D-D36F-48E7-A37F-14B07E894F99}
	EndGlobalSection
EndGlobal
